
Microsoft Visual Studio Solution File, Format Version 12.00
# Visual Studio Version 16
VisualStudioVersion = 16.0.29728.190
MinimumVisualStudioVersion = 10.0.40219.1
Project("{9A19103F-16F7-4668-BE54-9A1E7A4F7556}") = "ChatServer", "ChatServer\ChatServer.csproj", "{4EA1759C-B702-47F9-903E-DC39E7288970}"
EndProject
Project("{FAE04EC0-301F-11D3-BF4B-00C04F79EFBC}") = "ChatProtocol", "ChatProtocol\ChatProtocol.csproj", "{144A260F-198D-47D8-8900-A60939586587}"
EndProject
Global
	GlobalSection(SolutionConfigurationPlatforms) = preSolution
		Debug|Any CPU = Debug|Any CPU
		Release|Any CPU = Release|Any CPU
	EndGlobalSection
	GlobalSection(ProjectConfigurationPlatforms) = postSolution
		{4EA1759C-B702-47F9-903E-DC39E7288970}.Debug|Any CPU.ActiveCfg = Debug|Any CPU
		{4EA1759C-B702-47F9-903E-DC39E7288970}.Debug|Any CPU.Build.0 = Debug|Any CPU
		{4EA1759C-B702-47F9-903E-DC39E7288970}.Release|Any CPU.ActiveCfg = Release|Any CPU
		{4EA1759C-B702-47F9-903E-DC39E7288970}.Release|Any CPU.Build.0 = Release|Any CPU
		{144A260F-198D-47D8-8900-A60939586587}.Debug|Any CPU.ActiveCfg = Debug|Any CPU
		{144A260F-198D-47D8-8900-A60939586587}.Debug|Any CPU.Build.0 = Debug|Any CPU
		{144A260F-198D-47D8-8900-A60939586587}.Release|Any CPU.ActiveCfg = Release|Any CPU
		{144A260F-198D-47D8-8900-A60939586587}.Release|Any CPU.Build.0 = Release|Any CPU
	EndGlobalSection
	GlobalSection(SolutionProperties) = preSolution
		HideSolutionNode = FALSE
	EndGlobalSection
	GlobalSection(ExtensibilityGlobals) = postSolution
		SolutionGuid = {D5F615E0-E96A-4245-8A4D-456D7057FEEE}
	EndGlobalSection
EndGlobal
